github.com/Bayu200720/microservices v0.0.0-20201015145230-6b5b2f47bdf6 h1:QkFw6EUMz/BYFn5tBlNQ8/+uTk8J7SFw5X+KJqWv53o=
github.com/gorilla/mux v1.8.0 h1:i40aqfkR1h2SlN9hojwV5ZA91wcXFOvkdNIeFDP5koI=
github.com/gorilla/mux v1.8.0/go.mod h1:DVbg23sWSpFRCP0SfiEN6jmj59UnW/n46BH5rLB71So=
github.com/wskurniawan/digitalent-microservice v0.0.0-20201015025218-cb7e74ca6a67 h1:cTXp9KLoPkidxRehj/1fOd+tMX+5CGGgtPaJTi6hPAI=
github.com/wskurniawan/digitalent-microservice v0.0.0-20201015025218-cb7e74ca6a67/go.mod h1:i7kQy5IsYWuN8BnAun5RW+yJBlCIayLe1d6EoRa3FWc=
github.com/wskurniawan/intro-microservice v0.0.0-20201014151129-446c914405db h1:TbiJvvwSAyyLXR4qGrzRbU/ipCE8avuaKQKewWyafys=
github.com/wskurniawan/intro-microservice v0.0.0-20201014151129-446c914405db/go.mod h1:oFqKrAH8800Gb0i7pEIMcWlRdKv/nIUeeve0eVHllac=
github.com/wskurniawan/intro-microservice v0.0.0-20201014173535-d19509851baa h1:4YzUSyyHgPJ8a4lhbszdhyRS7BjkD91Z5ez1nMuG63w=
github.com/wskurniawan/intro-microservice/auth v0.0.0-20201014173535-d19509851baa h1:b/wDebJqloQ5/ts1Auc6lOnhNO5QudY9UQfECmI5wag=
github.com/wskurniawan/intro-microservice/auth v0.0.0-20201014173535-d19509851baa/go.mod h1:XJFwwJD7IsTVOM7ZvCvJslLbDqpqX/3CeTN1K+pb7jE=
